
Microsoft Visual Studio Solution File, Format Version 12.00
Project("{FAE04EC0-301F-11D3-BF4B-00C04F79EFBC}") = "BankSystem", "BankSystem\BankSystem.csproj", "{B0656FB9-9B62-4207-B878-9C2F1F569ED9}"
EndProject
Project("{FAE04EC0-301F-11D3-BF4B-00C04F79EFBC}") = "BankSystem.Tests", "BankSystem.Tests\BankSystem.Tests.csproj", "{EA563183-F41D-4CFB-8DD8-DD23FC04115A}"
EndProject
Global
	GlobalSection(SolutionConfigurationPlatforms) = preSolution
		Debug|Any CPU = Debug|Any CPU
		Release|Any CPU = Release|Any CPU
	EndGlobalSection
	GlobalSection(ProjectConfigurationPlatforms) = postSolution
		{B0656FB9-9B62-4207-B878-9C2F1F569ED9}.Debug|Any CPU.ActiveCfg = Debug|Any CPU
		{B0656FB9-9B62-4207-B878-9C2F1F569ED9}.Debug|Any CPU.Build.0 = Debug|Any CPU
		{B0656FB9-9B62-4207-B878-9C2F1F569ED9}.Release|Any CPU.ActiveCfg = Release|Any CPU
		{B0656FB9-9B62-4207-B878-9C2F1F569ED9}.Release|Any CPU.Build.0 = Release|Any CPU
		{EA563183-F41D-4CFB-8DD8-DD23FC04115A}.Debug|Any CPU.ActiveCfg = Debug|Any CPU
		{EA563183-F41D-4CFB-8DD8-DD23FC04115A}.Debug|Any CPU.Build.0 = Debug|Any CPU
		{EA563183-F41D-4CFB-8DD8-DD23FC04115A}.Release|Any CPU.ActiveCfg = Release|Any CPU
		{EA563183-F41D-4CFB-8DD8-DD23FC04115A}.Release|Any CPU.Build.0 = Release|Any CPU
	EndGlobalSection
EndGlobal
